
Microsoft Visual Studio Solution File, Format Version 12.00
Project("{FAE04EC0-301F-11D3-BF4B-00C04F79EFBC}") = "OrderProductSystem", "OrderProductSystem\OrderProductSystem.csproj", "{E7271769-8F8A-4811-8EA7-8F5575B77770}"
EndProject
Project("{FAE04EC0-301F-11D3-BF4B-00C04F79EFBC}") = "DataBase", "DataBase\DataBase.csproj", "{69AE6085-9F09-4CC5-AB99-5B192FC10695}"
EndProject
Project("{2150E333-8FDC-42A3-9474-1A3956D46DE8}") = "Infrastucture", "Infrastucture", "{06C75F8B-6616-4A6E-A49C-712B584AB9C4}"
EndProject
Project("{2150E333-8FDC-42A3-9474-1A3956D46DE8}") = "Application", "Application", "{7E3346FE-9949-46CF-9874-14691BBB298F}"
EndProject
Project("{2150E333-8FDC-42A3-9474-1A3956D46DE8}") = "Domain", "Domain", "{A9EE6242-CADA-48A7-A4C2-4C9DE25D6398}"
EndProject
Project("{FAE04EC0-301F-11D3-BF4B-00C04F79EFBC}") = "Models", "Models\Models.csproj", "{3C3D9731-B401-4F5D-B954-9DBC06253733}"
EndProject
Project("{FAE04EC0-301F-11D3-BF4B-00C04F79EFBC}") = "Seed", "Seed\Seed.csproj", "{B9D5356A-D794-41B2-B5EF-858787EA80EA}"
EndProject
Project("{FAE04EC0-301F-11D3-BF4B-00C04F79EFBC}") = "Repository", "Repository\Repository.csproj", "{8DBD58F8-1B42-4C37-98CF-3288749B0A84}"
EndProject
Project("{FAE04EC0-301F-11D3-BF4B-00C04F79EFBC}") = "CQRSAndMediatR", "CQRSAndMediatR\CQRSAndMediatR.csproj", "{FC88EA98-96A2-45C8-B9DC-4D5D308F9436}"
EndProject
Project("{FAE04EC0-301F-11D3-BF4B-00C04F79EFBC}") = "UseCases", "UseCases\UseCases.csproj", "{B326960F-BC6A-4B33-B287-6305D7C0F98C}"
EndProject
Project("{FAE04EC0-301F-11D3-BF4B-00C04F79EFBC}") = "UnitTest", "UnitTest\UnitTest.csproj", "{B4CA2A1B-337B-4B0F-9B07-8FFF3BA6EDD6}"
EndProject
Global
	GlobalSection(SolutionConfigurationPlatforms) = preSolution
		Debug|Any CPU = Debug|Any CPU
		Release|Any CPU = Release|Any CPU
	EndGlobalSection
	GlobalSection(ProjectConfigurationPlatforms) = postSolution
		{E7271769-8F8A-4811-8EA7-8F5575B77770}.Debug|Any CPU.ActiveCfg = Debug|Any CPU
		{E7271769-8F8A-4811-8EA7-8F5575B77770}.Debug|Any CPU.Build.0 = Debug|Any CPU
		{E7271769-8F8A-4811-8EA7-8F5575B77770}.Release|Any CPU.ActiveCfg = Release|Any CPU
		{E7271769-8F8A-4811-8EA7-8F5575B77770}.Release|Any CPU.Build.0 = Release|Any CPU
		{69AE6085-9F09-4CC5-AB99-5B192FC10695}.Debug|Any CPU.ActiveCfg = Debug|Any CPU
		{69AE6085-9F09-4CC5-AB99-5B192FC10695}.Debug|Any CPU.Build.0 = Debug|Any CPU
		{69AE6085-9F09-4CC5-AB99-5B192FC10695}.Release|Any CPU.ActiveCfg = Release|Any CPU
		{69AE6085-9F09-4CC5-AB99-5B192FC10695}.Release|Any CPU.Build.0 = Release|Any CPU
		{3C3D9731-B401-4F5D-B954-9DBC06253733}.Debug|Any CPU.ActiveCfg = Debug|Any CPU
		{3C3D9731-B401-4F5D-B954-9DBC06253733}.Debug|Any CPU.Build.0 = Debug|Any CPU
		{3C3D9731-B401-4F5D-B954-9DBC06253733}.Release|Any CPU.ActiveCfg = Release|Any CPU
		{3C3D9731-B401-4F5D-B954-9DBC06253733}.Release|Any CPU.Build.0 = Release|Any CPU
		{B9D5356A-D794-41B2-B5EF-858787EA80EA}.Debug|Any CPU.ActiveCfg = Debug|Any CPU
		{B9D5356A-D794-41B2-B5EF-858787EA80EA}.Debug|Any CPU.Build.0 = Debug|Any CPU
		{B9D5356A-D794-41B2-B5EF-858787EA80EA}.Release|Any CPU.ActiveCfg = Release|Any CPU
		{B9D5356A-D794-41B2-B5EF-858787EA80EA}.Release|Any CPU.Build.0 = Release|Any CPU
		{8DBD58F8-1B42-4C37-98CF-3288749B0A84}.Debug|Any CPU.ActiveCfg = Debug|Any CPU
		{8DBD58F8-1B42-4C37-98CF-3288749B0A84}.Debug|Any CPU.Build.0 = Debug|Any CPU
		{8DBD58F8-1B42-4C37-98CF-3288749B0A84}.Release|Any CPU.ActiveCfg = Release|Any CPU
		{8DBD58F8-1B42-4C37-98CF-3288749B0A84}.Release|Any CPU.Build.0 = Release|Any CPU
		{FC88EA98-96A2-45C8-B9DC-4D5D308F9436}.Debug|Any CPU.ActiveCfg = Debug|Any CPU
		{FC88EA98-96A2-45C8-B9DC-4D5D308F9436}.Debug|Any CPU.Build.0 = Debug|Any CPU
		{FC88EA98-96A2-45C8-B9DC-4D5D308F9436}.Release|Any CPU.ActiveCfg = Release|Any CPU
		{FC88EA98-96A2-45C8-B9DC-4D5D308F9436}.Release|Any CPU.Build.0 = Release|Any CPU
		{B326960F-BC6A-4B33-B287-6305D7C0F98C}.Debug|Any CPU.ActiveCfg = Debug|Any CPU
		{B326960F-BC6A-4B33-B287-6305D7C0F98C}.Debug|Any CPU.Build.0 = Debug|Any CPU
		{B326960F-BC6A-4B33-B287-6305D7C0F98C}.Release|Any CPU.ActiveCfg = Release|Any CPU
		{B326960F-BC6A-4B33-B287-6305D7C0F98C}.Release|Any CPU.Build.0 = Release|Any CPU
		{B4CA2A1B-337B-4B0F-9B07-8FFF3BA6EDD6}.Debug|Any CPU.ActiveCfg = Debug|Any CPU
		{B4CA2A1B-337B-4B0F-9B07-8FFF3BA6EDD6}.Debug|Any CPU.Build.0 = Debug|Any CPU
		{B4CA2A1B-337B-4B0F-9B07-8FFF3BA6EDD6}.Release|Any CPU.ActiveCfg = Release|Any CPU
		{B4CA2A1B-337B-4B0F-9B07-8FFF3BA6EDD6}.Release|Any CPU.Build.0 = Release|Any CPU
	EndGlobalSection
	GlobalSection(NestedProjects) = preSolution
		{69AE6085-9F09-4CC5-AB99-5B192FC10695} = {06C75F8B-6616-4A6E-A49C-712B584AB9C4}
		{3C3D9731-B401-4F5D-B954-9DBC06253733} = {A9EE6242-CADA-48A7-A4C2-4C9DE25D6398}
		{B9D5356A-D794-41B2-B5EF-858787EA80EA} = {06C75F8B-6616-4A6E-A49C-712B584AB9C4}
		{8DBD58F8-1B42-4C37-98CF-3288749B0A84} = {06C75F8B-6616-4A6E-A49C-712B584AB9C4}
		{FC88EA98-96A2-45C8-B9DC-4D5D308F9436} = {06C75F8B-6616-4A6E-A49C-712B584AB9C4}
		{B326960F-BC6A-4B33-B287-6305D7C0F98C} = {7E3346FE-9949-46CF-9874-14691BBB298F}
	EndGlobalSection
EndGlobal
